# This file is generated by running "yarn install" inside your project.
# Manual changes might be lost - proceed with caution!

__metadata:
  version: 6

"@monorepo-shoppingcart/carts-checkout-api@workspace:packages/carts-checkout-api":
  version: 0.0.0-use.local
  resolution: "@monorepo-shoppingcart/carts-checkout-api@workspace:packages/carts-checkout-api"
  languageName: unknown
  linkType: soft

"@monorepo-shoppingcart/core@workspace:.":
  version: 0.0.0-use.local
  resolution: "@monorepo-shoppingcart/core@workspace:."
  languageName: unknown
  linkType: soft

"@monorepo-shoppingcart/products-api@workspace:packages/products-api":
  version: 0.0.0-use.local
  resolution: "@monorepo-shoppingcart/products-api@workspace:packages/products-api"
  languageName: unknown
  linkType: soft

"@monorepo-shoppingcart/security-api@workspace:packages/security-api":
  version: 0.0.0-use.local
  resolution: "@monorepo-shoppingcart/security-api@workspace:packages/security-api"
  languageName: unknown
  linkType: soft

"@monorepo-shoppingcart/ui@workspace:packages/shoppingcart-ui":
  version: 0.0.0-use.local
  resolution: "@monorepo-shoppingcart/ui@workspace:packages/shoppingcart-ui"
  languageName: unknown
  linkType: soft
